
Microsoft Visual Studio Solution File, Format Version 12.00
# Visual Studio Version 17
VisualStudioVersion = 17.0.31912.275
MinimumVisualStudioVersion = 10.0.40219.1
Project("{2150E333-8FDC-42A3-9474-1A3956D46DE8}") = "server", "server", "{DAD03CFC-D5FA-AC94-41C7-9ABAB326F09E}"
EndProject
Project("{FAE04EC0-301F-11D3-BF4B-00C04F79EFBC}") = "TempoForge.Api", "server\TempoForge.Api\TempoForge.Api.csproj", "{A199190B-8C86-48ED-BCF3-9F8A7E372588}"
EndProject
Project("{FAE04EC0-301F-11D3-BF4B-00C04F79EFBC}") = "TempoForge.Application", "server\TempoForge.Application\TempoForge.Application.csproj", "{1C3427EF-4DAF-46CB-B738-847D95554E6C}"
EndProject
Project("{FAE04EC0-301F-11D3-BF4B-00C04F79EFBC}") = "TempoForge.Domain", "server\TempoForge.Domain\TempoForge.Domain.csproj", "{F1CE067C-1F42-4FF9-9CB5-ED5B21ECCD82}"
EndProject
Project("{FAE04EC0-301F-11D3-BF4B-00C04F79EFBC}") = "TempoForge.Infrastructure", "server\TempoForge.Infrastructure\TempoForge.Infrastructure.csproj", "{2A081EFB-E3D4-4BDA-BF50-32218A516FAC}"
EndProject
Project("{FAE04EC0-301F-11D3-BF4B-00C04F79EFBC}") = "TempoForge.Tests", "server\TempoForge.Tests\TempoForge.Tests.csproj", "{19EC5A0F-4E64-4058-B78C-C83ADD5E2F2D}"
EndProject
Global
	GlobalSection(SolutionConfigurationPlatforms) = preSolution
		Debug|Any CPU = Debug|Any CPU
		Debug|x64 = Debug|x64
		Debug|x86 = Debug|x86
		Release|Any CPU = Release|Any CPU
		Release|x64 = Release|x64
		Release|x86 = Release|x86
	EndGlobalSection
	GlobalSection(ProjectConfigurationPlatforms) = postSolution
		{A199190B-8C86-48ED-BCF3-9F8A7E372588}.Debug|Any CPU.ActiveCfg = Debug|Any CPU
		{A199190B-8C86-48ED-BCF3-9F8A7E372588}.Debug|Any CPU.Build.0 = Debug|Any CPU
		{A199190B-8C86-48ED-BCF3-9F8A7E372588}.Debug|x64.ActiveCfg = Debug|Any CPU
		{A199190B-8C86-48ED-BCF3-9F8A7E372588}.Debug|x64.Build.0 = Debug|Any CPU
		{A199190B-8C86-48ED-BCF3-9F8A7E372588}.Debug|x86.ActiveCfg = Debug|Any CPU
		{A199190B-8C86-48ED-BCF3-9F8A7E372588}.Debug|x86.Build.0 = Debug|Any CPU
		{A199190B-8C86-48ED-BCF3-9F8A7E372588}.Release|Any CPU.ActiveCfg = Release|Any CPU
		{A199190B-8C86-48ED-BCF3-9F8A7E372588}.Release|Any CPU.Build.0 = Release|Any CPU
		{A199190B-8C86-48ED-BCF3-9F8A7E372588}.Release|x64.ActiveCfg = Release|Any CPU
		{A199190B-8C86-48ED-BCF3-9F8A7E372588}.Release|x64.Build.0 = Release|Any CPU
		{A199190B-8C86-48ED-BCF3-9F8A7E372588}.Release|x86.ActiveCfg = Release|Any CPU
		{A199190B-8C86-48ED-BCF3-9F8A7E372588}.Release|x86.Build.0 = Release|Any CPU
		{1C3427EF-4DAF-46CB-B738-847D95554E6C}.Debug|Any CPU.ActiveCfg = Debug|Any CPU
		{1C3427EF-4DAF-46CB-B738-847D95554E6C}.Debug|Any CPU.Build.0 = Debug|Any CPU
		{1C3427EF-4DAF-46CB-B738-847D95554E6C}.Debug|x64.ActiveCfg = Debug|Any CPU
		{1C3427EF-4DAF-46CB-B738-847D95554E6C}.Debug|x64.Build.0 = Debug|Any CPU
		{1C3427EF-4DAF-46CB-B738-847D95554E6C}.Debug|x86.ActiveCfg = Debug|Any CPU
		{1C3427EF-4DAF-46CB-B738-847D95554E6C}.Debug|x86.Build.0 = Debug|Any CPU
		{1C3427EF-4DAF-46CB-B738-847D95554E6C}.Release|Any CPU.ActiveCfg = Release|Any CPU
		{1C3427EF-4DAF-46CB-B738-847D95554E6C}.Release|Any CPU.Build.0 = Release|Any CPU
		{1C3427EF-4DAF-46CB-B738-847D95554E6C}.Release|x64.ActiveCfg = Release|Any CPU
		{1C3427EF-4DAF-46CB-B738-847D95554E6C}.Release|x64.Build.0 = Release|Any CPU
		{1C3427EF-4DAF-46CB-B738-847D95554E6C}.Release|x86.ActiveCfg = Release|Any CPU
		{1C3427EF-4DAF-46CB-B738-847D95554E6C}.Release|x86.Build.0 = Release|Any CPU
		{F1CE067C-1F42-4FF9-9CB5-ED5B21ECCD82}.Debug|Any CPU.ActiveCfg = Debug|Any CPU
		{F1CE067C-1F42-4FF9-9CB5-ED5B21ECCD82}.Debug|Any CPU.Build.0 = Debug|Any CPU
		{F1CE067C-1F42-4FF9-9CB5-ED5B21ECCD82}.Debug|x64.ActiveCfg = Debug|Any CPU
		{F1CE067C-1F42-4FF9-9CB5-ED5B21ECCD82}.Debug|x64.Build.0 = Debug|Any CPU
		{F1CE067C-1F42-4FF9-9CB5-ED5B21ECCD82}.Debug|x86.ActiveCfg = Debug|Any CPU
		{F1CE067C-1F42-4FF9-9CB5-ED5B21ECCD82}.Debug|x86.Build.0 = Debug|Any CPU
		{F1CE067C-1F42-4FF9-9CB5-ED5B21ECCD82}.Release|Any CPU.ActiveCfg = Release|Any CPU
		{F1CE067C-1F42-4FF9-9CB5-ED5B21ECCD82}.Release|Any CPU.Build.0 = Release|Any CPU
		{F1CE067C-1F42-4FF9-9CB5-ED5B21ECCD82}.Release|x64.ActiveCfg = Release|Any CPU
		{F1CE067C-1F42-4FF9-9CB5-ED5B21ECCD82}.Release|x64.Build.0 = Release|Any CPU
		{F1CE067C-1F42-4FF9-9CB5-ED5B21ECCD82}.Release|x86.ActiveCfg = Release|Any CPU
		{F1CE067C-1F42-4FF9-9CB5-ED5B21ECCD82}.Release|x86.Build.0 = Release|Any CPU
		{2A081EFB-E3D4-4BDA-BF50-32218A516FAC}.Debug|Any CPU.ActiveCfg = Debug|Any CPU
		{2A081EFB-E3D4-4BDA-BF50-32218A516FAC}.Debug|Any CPU.Build.0 = Debug|Any CPU
		{2A081EFB-E3D4-4BDA-BF50-32218A516FAC}.Debug|x64.ActiveCfg = Debug|Any CPU
		{2A081EFB-E3D4-4BDA-BF50-32218A516FAC}.Debug|x64.Build.0 = Debug|Any CPU
		{2A081EFB-E3D4-4BDA-BF50-32218A516FAC}.Debug|x86.ActiveCfg = Debug|Any CPU
		{2A081EFB-E3D4-4BDA-BF50-32218A516FAC}.Debug|x86.Build.0 = Debug|Any CPU
		{2A081EFB-E3D4-4BDA-BF50-32218A516FAC}.Release|Any CPU.ActiveCfg = Release|Any CPU
		{2A081EFB-E3D4-4BDA-BF50-32218A516FAC}.Release|Any CPU.Build.0 = Release|Any CPU
		{2A081EFB-E3D4-4BDA-BF50-32218A516FAC}.Release|x64.ActiveCfg = Release|Any CPU
		{2A081EFB-E3D4-4BDA-BF50-32218A516FAC}.Release|x64.Build.0 = Release|Any CPU
		{2A081EFB-E3D4-4BDA-BF50-32218A516FAC}.Release|x86.ActiveCfg = Release|Any CPU
		{2A081EFB-E3D4-4BDA-BF50-32218A516FAC}.Release|x86.Build.0 = Release|Any CPU
		{19EC5A0F-4E64-4058-B78C-C83ADD5E2F2D}.Debug|Any CPU.ActiveCfg = Debug|Any CPU
		{19EC5A0F-4E64-4058-B78C-C83ADD5E2F2D}.Debug|Any CPU.Build.0 = Debug|Any CPU
		{19EC5A0F-4E64-4058-B78C-C83ADD5E2F2D}.Debug|x64.ActiveCfg = Debug|Any CPU
		{19EC5A0F-4E64-4058-B78C-C83ADD5E2F2D}.Debug|x64.Build.0 = Debug|Any CPU
		{19EC5A0F-4E64-4058-B78C-C83ADD5E2F2D}.Debug|x86.ActiveCfg = Debug|Any CPU
		{19EC5A0F-4E64-4058-B78C-C83ADD5E2F2D}.Debug|x86.Build.0 = Debug|Any CPU
		{19EC5A0F-4E64-4058-B78C-C83ADD5E2F2D}.Release|Any CPU.ActiveCfg = Release|Any CPU
		{19EC5A0F-4E64-4058-B78C-C83ADD5E2F2D}.Release|Any CPU.Build.0 = Release|Any CPU
		{19EC5A0F-4E64-4058-B78C-C83ADD5E2F2D}.Release|x64.ActiveCfg = Release|Any CPU
		{19EC5A0F-4E64-4058-B78C-C83ADD5E2F2D}.Release|x64.Build.0 = Release|Any CPU
		{19EC5A0F-4E64-4058-B78C-C83ADD5E2F2D}.Release|x86.ActiveCfg = Release|Any CPU
		{19EC5A0F-4E64-4058-B78C-C83ADD5E2F2D}.Release|x86.Build.0 = Release|Any CPU
	EndGlobalSection
	GlobalSection(SolutionProperties) = preSolution
		HideSolutionNode = FALSE
	EndGlobalSection
	GlobalSection(NestedProjects) = preSolution
		{A199190B-8C86-48ED-BCF3-9F8A7E372588} = {DAD03CFC-D5FA-AC94-41C7-9ABAB326F09E}
		{1C3427EF-4DAF-46CB-B738-847D95554E6C} = {DAD03CFC-D5FA-AC94-41C7-9ABAB326F09E}
		{F1CE067C-1F42-4FF9-9CB5-ED5B21ECCD82} = {DAD03CFC-D5FA-AC94-41C7-9ABAB326F09E}
		{2A081EFB-E3D4-4BDA-BF50-32218A516FAC} = {DAD03CFC-D5FA-AC94-41C7-9ABAB326F09E}
		{19EC5A0F-4E64-4058-B78C-C83ADD5E2F2D} = {DAD03CFC-D5FA-AC94-41C7-9ABAB326F09E}
	EndGlobalSection
EndGlobal
