
Microsoft Visual Studio Solution File, Format Version 12.00
Project("{FAE04EC0-301F-11D3-BF4B-00C04F79EFBC}") = "TempoForge", "TempoForge\TempoForge.csproj", "{97315A85-494A-4AF3-AD70-0653C187D9E3}"
EndProject
Global
	GlobalSection(SolutionConfigurationPlatforms) = preSolution
		Debug|Any CPU = Debug|Any CPU
		Release|Any CPU = Release|Any CPU
	EndGlobalSection
	GlobalSection(ProjectConfigurationPlatforms) = postSolution
		{97315A85-494A-4AF3-AD70-0653C187D9E3}.Debug|Any CPU.ActiveCfg = Debug|Any CPU
		{97315A85-494A-4AF3-AD70-0653C187D9E3}.Debug|Any CPU.Build.0 = Debug|Any CPU
		{97315A85-494A-4AF3-AD70-0653C187D9E3}.Release|Any CPU.ActiveCfg = Release|Any CPU
		{97315A85-494A-4AF3-AD70-0653C187D9E3}.Release|Any CPU.Build.0 = Release|Any CPU
	EndGlobalSection
EndGlobal
